// !$*UTF8*$!
{
	archiveVersion = 1;
	classes = {
	};
	objectVersion = 55;
	objects = {

/* Begin PBXBuildFile section */
		05313BE2FEDECA67907FD743 /* Pods_RAWG.framework in Frameworks */ = {isa = PBXBuildFile; fileRef = 9AF4FFA3C707C493E05C79FA /* Pods_RAWG.framework */; };
		6AB8FA7028D069EC005DBB85 /* AppDelegate.swift in Sources */ = {isa = PBXBuildFile; fileRef = 6AB8FA6F28D069EC005DBB85 /* AppDelegate.swift */; };
		6AB8FA7228D069EC005DBB85 /* SceneDelegate.swift in Sources */ = {isa = PBXBuildFile; fileRef = 6AB8FA7128D069EC005DBB85 /* SceneDelegate.swift */; };
		6AB8FA7C28D069ED005DBB85 /* LaunchScreen.storyboard in Resources */ = {isa = PBXBuildFile; fileRef = 6AB8FA7A28D069ED005DBB85 /* LaunchScreen.storyboard */; };
		6AB8FA8428D06ADC005DBB85 /* BaseViewController.swift in Sources */ = {isa = PBXBuildFile; fileRef = 6AB8FA8328D06ADC005DBB85 /* BaseViewController.swift */; };
		6AB8FA9228D07ACF005DBB85 /* GameListHomeCollectionViewCell.swift in Sources */ = {isa = PBXBuildFile; fileRef = 6AB8FA9128D07ACF005DBB85 /* GameListHomeCollectionViewCell.swift */; };
		6AB8FA9428D07AF5005DBB85 /* BaseViewModel.swift in Sources */ = {isa = PBXBuildFile; fileRef = 6AB8FA9328D07AF5005DBB85 /* BaseViewModel.swift */; };
		6AB8FA9628D07AFC005DBB85 /* BaseDomain.swift in Sources */ = {isa = PBXBuildFile; fileRef = 6AB8FA9528D07AFC005DBB85 /* BaseDomain.swift */; };
		6AB8FA9828D07B01005DBB85 /* BaseRepository.swift in Sources */ = {isa = PBXBuildFile; fileRef = 6AB8FA9728D07B01005DBB85 /* BaseRepository.swift */; };
		6AB8FA9A28D07B09005DBB85 /* BaseRemoteData.swift in Sources */ = {isa = PBXBuildFile; fileRef = 6AB8FA9928D07B09005DBB85 /* BaseRemoteData.swift */; };
		6AB8FAA428D085EF005DBB85 /* Observable.swift in Sources */ = {isa = PBXBuildFile; fileRef = 6AB8FAA328D085EF005DBB85 /* Observable.swift */; };
		6AB8FAA628D17714005DBB85 /* Endpoint.swift in Sources */ = {isa = PBXBuildFile; fileRef = 6AB8FAA528D17714005DBB85 /* Endpoint.swift */; };
		6ACA136A28D1AD4100D71744 /* EmptyView.swift in Sources */ = {isa = PBXBuildFile; fileRef = 6ACA136928D1AD4100D71744 /* EmptyView.swift */; };
		6ACA136C28D1B22C00D71744 /* GameResponse.swift in Sources */ = {isa = PBXBuildFile; fileRef = 6ACA136B28D1B22C00D71744 /* GameResponse.swift */; };
		EA0FF1D828E82E8C004FF80B /* DefaultCollectionView.swift in Sources */ = {isa = PBXBuildFile; fileRef = EA0FF1D728E82E8C004FF80B /* DefaultCollectionView.swift */; };
		EA0FF1DC28E89708004FF80B /* GameListCarouCell.swift in Sources */ = {isa = PBXBuildFile; fileRef = EA0FF1DB28E89708004FF80B /* GameListCarouCell.swift */; };
		EA25A9B428E16DA4003E7846 /* ScrollViewContainer.swift in Sources */ = {isa = PBXBuildFile; fileRef = EA25A9B328E16DA4003E7846 /* ScrollViewContainer.swift */; };
		EA25A9B628E16DE1003E7846 /* DetailGameView.swift in Sources */ = {isa = PBXBuildFile; fileRef = EA25A9B528E16DE1003E7846 /* DetailGameView.swift */; };
		EA25A9BF28E1A543003E7846 /* DetailGameButtonMode.swift in Sources */ = {isa = PBXBuildFile; fileRef = EA25A9BE28E1A543003E7846 /* DetailGameButtonMode.swift */; };
		EA4CE2EF28E014A000DD198E /* FavoriteListViewController.swift in Sources */ = {isa = PBXBuildFile; fileRef = EA4CE2EE28E014A000DD198E /* FavoriteListViewController.swift */; };
		EA4CE2F228E014B000DD198E /* FavoriteListViewModel.swift in Sources */ = {isa = PBXBuildFile; fileRef = EA4CE2F128E014B000DD198E /* FavoriteListViewModel.swift */; };
		EA4CE2F428E014B700DD198E /* FavoriteListDomain.swift in Sources */ = {isa = PBXBuildFile; fileRef = EA4CE2F328E014B700DD198E /* FavoriteListDomain.swift */; };
		EA4CE2F828E0175C00DD198E /* FavoriteTableViewCell.swift in Sources */ = {isa = PBXBuildFile; fileRef = EA4CE2F628E0175C00DD198E /* FavoriteTableViewCell.swift */; };
		EA73515E28E2B2570000D4A2 /* ProfileViewHeader.swift in Sources */ = {isa = PBXBuildFile; fileRef = EA73515D28E2B2570000D4A2 /* ProfileViewHeader.swift */; };
		EA73516628E2C2BF0000D4A2 /* TwoLabelInHorizontalStack.swift in Sources */ = {isa = PBXBuildFile; fileRef = EA73516528E2C2BF0000D4A2 /* TwoLabelInHorizontalStack.swift */; };
		EA73516928E2CBBD0000D4A2 /* ProfileEditViewController.swift in Sources */ = {isa = PBXBuildFile; fileRef = EA73516828E2CBBD0000D4A2 /* ProfileEditViewController.swift */; };
		EA73517628E2EE490000D4A2 /* ProfileEditLocalData.swift in Sources */ = {isa = PBXBuildFile; fileRef = EA73517528E2EE490000D4A2 /* ProfileEditLocalData.swift */; };
		EA73517828E2F0130000D4A2 /* ProfileEditDomain.swift in Sources */ = {isa = PBXBuildFile; fileRef = EA73517728E2F0130000D4A2 /* ProfileEditDomain.swift */; };
		EA73517A28E2F0550000D4A2 /* ProfileEditRepository.swift in Sources */ = {isa = PBXBuildFile; fileRef = EA73517928E2F0550000D4A2 /* ProfileEditRepository.swift */; };
		EA73517D28E2F20E0000D4A2 /* ScreenSize.swift in Sources */ = {isa = PBXBuildFile; fileRef = EA73517C28E2F20E0000D4A2 /* ScreenSize.swift */; };
		EA73517F28E2F21D0000D4A2 /* Padding.swift in Sources */ = {isa = PBXBuildFile; fileRef = EA73517E28E2F21D0000D4A2 /* Padding.swift */; };
		EA73518228E2F3530000D4A2 /* ProfileEditViewModel.swift in Sources */ = {isa = PBXBuildFile; fileRef = EA73518128E2F3530000D4A2 /* ProfileEditViewModel.swift */; };
		EA73518428E2F4D70000D4A2 /* ProfileEditForkey.swift in Sources */ = {isa = PBXBuildFile; fileRef = EA73518328E2F4D70000D4A2 /* ProfileEditForkey.swift */; };
		EA73518728E2F6080000D4A2 /* ProfileViewDomain.swift in Sources */ = {isa = PBXBuildFile; fileRef = EA73518628E2F6080000D4A2 /* ProfileViewDomain.swift */; };
		EA73518A28E2F6520000D4A2 /* ProfileViewViewModel.swift in Sources */ = {isa = PBXBuildFile; fileRef = EA73518928E2F6520000D4A2 /* ProfileViewViewModel.swift */; };
		EA73518C28E3188B0000D4A2 /* ProfileEditDelegate.swift in Sources */ = {isa = PBXBuildFile; fileRef = EA73518B28E3188B0000D4A2 /* ProfileEditDelegate.swift */; };
		EA73518E28E318A20000D4A2 /* ProfileEditState.swift in Sources */ = {isa = PBXBuildFile; fileRef = EA73518D28E318A20000D4A2 /* ProfileEditState.swift */; };
		EA73519028E598890000D4A2 /* ProfileViewForKey.swift in Sources */ = {isa = PBXBuildFile; fileRef = EA73518F28E598890000D4A2 /* ProfileViewForKey.swift */; };
		EA82DF7B28EE72F800A1FEFC /* UICollectionView.swift in Sources */ = {isa = PBXBuildFile; fileRef = EA82DF7A28EE72F800A1FEFC /* UICollectionView.swift */; };
		EA82DF7D28EE730E00A1FEFC /* NSLayoutConstraint.swift in Sources */ = {isa = PBXBuildFile; fileRef = EA82DF7C28EE730E00A1FEFC /* NSLayoutConstraint.swift */; };
		EA82DF7F28EE73A300A1FEFC /* SafeAreaInset.swift in Sources */ = {isa = PBXBuildFile; fileRef = EA82DF7E28EE73A300A1FEFC /* SafeAreaInset.swift */; };
		EA82DF8128EE766E00A1FEFC /* SWInflateLayout.swift in Sources */ = {isa = PBXBuildFile; fileRef = EA82DF8028EE766E00A1FEFC /* SWInflateLayout.swift */; };
		EA82DF8528EE772E00A1FEFC /* FavoriteModel.swift in Sources */ = {isa = PBXBuildFile; fileRef = EA82DF8428EE772E00A1FEFC /* FavoriteModel.swift */; };
		EA82DF8728EE7FFD00A1FEFC /* GameTrailer.swift in Sources */ = {isa = PBXBuildFile; fileRef = EA82DF8628EE7FFD00A1FEFC /* GameTrailer.swift */; };
		EA82DF8928EE891F00A1FEFC /* PlayerView.swift in Sources */ = {isa = PBXBuildFile; fileRef = EA82DF8828EE891F00A1FEFC /* PlayerView.swift */; };
		EA82DF8B28EEDEAB00A1FEFC /* VideoEnum.swift in Sources */ = {isa = PBXBuildFile; fileRef = EA82DF8A28EEDEAB00A1FEFC /* VideoEnum.swift */; };
		EA82DFB628EEF38B00A1FEFC /* UINavigationController.swift in Sources */ = {isa = PBXBuildFile; fileRef = EA82DFB528EEF38B00A1FEFC /* UINavigationController.swift */; };
		EAA3B1A228F7D12F00625535 /* Router.swift in Sources */ = {isa = PBXBuildFile; fileRef = EAA3B1A128F7D12F00625535 /* Router.swift */; };
		EAA3B1A528F7D16100625535 /* AnimatedTransitioning.swift in Sources */ = {isa = PBXBuildFile; fileRef = EAA3B1A428F7D16100625535 /* AnimatedTransitioning.swift */; };
		EAA3B1A728F7D17900625535 /* FadeAnimatedTransitioning.swift in Sources */ = {isa = PBXBuildFile; fileRef = EAA3B1A628F7D17900625535 /* FadeAnimatedTransitioning.swift */; };
		EAA3B1AC28F7D1BC00625535 /* AnimatedTransition.swift in Sources */ = {isa = PBXBuildFile; fileRef = EAA3B1AB28F7D1BC00625535 /* AnimatedTransition.swift */; };
		EAA3B1AE28F7D1D200625535 /* EmptyTransition.swift in Sources */ = {isa = PBXBuildFile; fileRef = EAA3B1AD28F7D1D200625535 /* EmptyTransition.swift */; };
		EAA3B1B028F7D1DC00625535 /* ModalTransition.swift in Sources */ = {isa = PBXBuildFile; fileRef = EAA3B1AF28F7D1DC00625535 /* ModalTransition.swift */; };
		EAA3B1B228F7D1E800625535 /* PushTransition.swift in Sources */ = {isa = PBXBuildFile; fileRef = EAA3B1B128F7D1E800625535 /* PushTransition.swift */; };
		EAA3B1B428F7D1F200625535 /* Transition.swift in Sources */ = {isa = PBXBuildFile; fileRef = EAA3B1B328F7D1F200625535 /* Transition.swift */; };
		EAA3B1B728F7D25900625535 /* UITabBarController.swift in Sources */ = {isa = PBXBuildFile; fileRef = EAA3B1B628F7D25900625535 /* UITabBarController.swift */; };
		EAA3B1B928F7DAC900625535 /* DefaultRouter.swift in Sources */ = {isa = PBXBuildFile; fileRef = EAA3B1B828F7DAC900625535 /* DefaultRouter.swift */; };
		EAA3B1BB28F7DCBE00625535 /* HomeTabRoute.swift in Sources */ = {isa = PBXBuildFile; fileRef = EAA3B1BA28F7DCBE00625535 /* HomeTabRoute.swift */; };
		EAA3B1BD28F7E0EC00625535 /* FavoriteTabRoute.swift in Sources */ = {isa = PBXBuildFile; fileRef = EAA3B1BC28F7E0EC00625535 /* FavoriteTabRoute.swift */; };
		EAA3B1BF28F7E26E00625535 /* ProfileTabRoute.swift in Sources */ = {isa = PBXBuildFile; fileRef = EAA3B1BE28F7E26E00625535 /* ProfileTabRoute.swift */; };
		EAA3B1CC28F7F34A00625535 /* EditProfileRoute.swift in Sources */ = {isa = PBXBuildFile; fileRef = EAA3B1CB28F7F34A00625535 /* EditProfileRoute.swift */; };
		EAA3B1D128F7FB0600625535 /* DetailGameRoute.swift in Sources */ = {isa = PBXBuildFile; fileRef = EAA3B1D028F7FB0600625535 /* DetailGameRoute.swift */; };
		EAC6560428DD5C2300177037 /* UIImageView.swift in Sources */ = {isa = PBXBuildFile; fileRef = EAC6560328DD5C2200177037 /* UIImageView.swift */; };
		EAC6560628DD648A00177037 /* UIView.swift in Sources */ = {isa = PBXBuildFile; fileRef = EAC6560528DD648A00177037 /* UIView.swift */; };
		EAC6560A28DD668800177037 /* UICollectionViewDelegateFlowLayout.swift in Sources */ = {isa = PBXBuildFile; fileRef = EAC6560928DD668800177037 /* UICollectionViewDelegateFlowLayout.swift */; };
		EAC6560C28DD68F200177037 /* BaseViewState.swift in Sources */ = {isa = PBXBuildFile; fileRef = EAC6560B28DD68F200177037 /* BaseViewState.swift */; };
		EAC6560E28DD6BF700177037 /* UIViewController.swift in Sources */ = {isa = PBXBuildFile; fileRef = EAC6560D28DD6BF700177037 /* UIViewController.swift */; };
		EAC6563828DD71C700177037 /* GameDetailResponse.swift in Sources */ = {isa = PBXBuildFile; fileRef = EAC6563728DD71C700177037 /* GameDetailResponse.swift */; };
		EAC6563A28DD72ED00177037 /* GameListHomeView.swift in Sources */ = {isa = PBXBuildFile; fileRef = EAC6563928DD72ED00177037 /* GameListHomeView.swift */; };
		EAC6564028DD7E7E00177037 /* DetailGameUseCase.swift in Sources */ = {isa = PBXBuildFile; fileRef = EAC6563F28DD7E7E00177037 /* DetailGameUseCase.swift */; };
		EAC6564228DD7F5500177037 /* DetailGameViewModel.swift in Sources */ = {isa = PBXBuildFile; fileRef = EAC6564128DD7F5500177037 /* DetailGameViewModel.swift */; };
		EAC6564428DD828300177037 /* DetailGameViewController.swift in Sources */ = {isa = PBXBuildFile; fileRef = EAC6564328DD828300177037 /* DetailGameViewController.swift */; };
		EAC6564A28DD988800177037 /* ProfileViewController.swift in Sources */ = {isa = PBXBuildFile; fileRef = EAC6564928DD988800177037 /* ProfileViewController.swift */; };
		EAC6564E28DDBCEE00177037 /* RAWG.xcdatamodeld in Sources */ = {isa = PBXBuildFile; fileRef = EAC6564C28DDBCEE00177037 /* RAWG.xcdatamodeld */; };
		EAC6565028DDBFB600177037 /* BaseLocalData.swift in Sources */ = {isa = PBXBuildFile; fileRef = EAC6564F28DDBFB600177037 /* BaseLocalData.swift */; };
/* End PBXBuildFile section */

/* Begin PBXFileReference section */
		3D8723BF5CACB7EF2FF3E9F8 /* Pods-RAWG.release.xcconfig */ = {isa = PBXFileReference; includeInIndex = 1; lastKnownFileType = text.xcconfig; name = "Pods-RAWG.release.xcconfig"; path = "Target Support Files/Pods-RAWG/Pods-RAWG.release.xcconfig"; sourceTree = "<group>"; };
		6AB8FA6C28D069EC005DBB85 /* RAWG.app */ = {isa = PBXFileReference; explicitFileType = wrapper.application; includeInIndex = 0; path = RAWG.app; sourceTree = BUILT_PRODUCTS_DIR; };
		6AB8FA6F28D069EC005DBB85 /* AppDelegate.swift */ = {isa = PBXFileReference; lastKnownFileType = sourcecode.swift; path = AppDelegate.swift; sourceTree = "<group>"; };
		6AB8FA7128D069EC005DBB85 /* SceneDelegate.swift */ = {isa = PBXFileReference; lastKnownFileType = sourcecode.swift; path = SceneDelegate.swift; sourceTree = "<group>"; };
		6AB8FA7B28D069ED005DBB85 /* Base */ = {isa = PBXFileReference; lastKnownFileType = file.storyboard; name = Base; path = Base.lproj/LaunchScreen.storyboard; sourceTree = "<group>"; };
		6AB8FA7D28D069ED005DBB85 /* Info.plist */ = {isa = PBXFileReference; lastKnownFileType = text.plist.xml; path = Info.plist; sourceTree = "<group>"; };
		6AB8FA8328D06ADC005DBB85 /* BaseViewController.swift */ = {isa = PBXFileReference; lastKnownFileType = sourcecode.swift; path = BaseViewController.swift; sourceTree = "<group>"; };
		6AB8FA9128D07ACF005DBB85 /* GameListHomeCollectionViewCell.swift */ = {isa = PBXFileReference; lastKnownFileType = sourcecode.swift; path = GameListHomeCollectionViewCell.swift; sourceTree = "<group>"; };
		6AB8FA9328D07AF5005DBB85 /* BaseViewModel.swift */ = {isa = PBXFileReference; lastKnownFileType = sourcecode.swift; path = BaseViewModel.swift; sourceTree = "<group>"; };
		6AB8FA9528D07AFC005DBB85 /* BaseDomain.swift */ = {isa = PBXFileReference; lastKnownFileType = sourcecode.swift; path = BaseDomain.swift; sourceTree = "<group>"; };
		6AB8FA9728D07B01005DBB85 /* BaseRepository.swift */ = {isa = PBXFileReference; lastKnownFileType = sourcecode.swift; path = BaseRepository.swift; sourceTree = "<group>"; };
		6AB8FA9928D07B09005DBB85 /* BaseRemoteData.swift */ = {isa = PBXFileReference; lastKnownFileType = sourcecode.swift; path = BaseRemoteData.swift; sourceTree = "<group>"; };
		6AB8FAA328D085EF005DBB85 /* Observable.swift */ = {isa = PBXFileReference; lastKnownFileType = sourcecode.swift; path = Observable.swift; sourceTree = "<group>"; };
		6AB8FAA528D17714005DBB85 /* Endpoint.swift */ = {isa = PBXFileReference; lastKnownFileType = sourcecode.swift; path = Endpoint.swift; sourceTree = "<group>"; };
		6ACA136928D1AD4100D71744 /* EmptyView.swift */ = {isa = PBXFileReference; lastKnownFileType = sourcecode.swift; path = EmptyView.swift; sourceTree = "<group>"; };
		6ACA136B28D1B22C00D71744 /* GameResponse.swift */ = {isa = PBXFileReference; lastKnownFileType = sourcecode.swift; path = GameResponse.swift; sourceTree = "<group>"; };
		8479C77E498F12FCCE1592FD /* Pods-RAWG.debug.xcconfig */ = {isa = PBXFileReference; includeInIndex = 1; lastKnownFileType = text.xcconfig; name = "Pods-RAWG.debug.xcconfig"; path = "Target Support Files/Pods-RAWG/Pods-RAWG.debug.xcconfig"; sourceTree = "<group>"; };
		9AF4FFA3C707C493E05C79FA /* Pods_RAWG.framework */ = {isa = PBXFileReference; explicitFileType = wrapper.framework; includeInIndex = 0; path = Pods_RAWG.framework; sourceTree = BUILT_PRODUCTS_DIR; };
		EA0FF1D728E82E8C004FF80B /* DefaultCollectionView.swift */ = {isa = PBXFileReference; lastKnownFileType = sourcecode.swift; path = DefaultCollectionView.swift; sourceTree = "<group>"; };
		EA0FF1DB28E89708004FF80B /* GameListCarouCell.swift */ = {isa = PBXFileReference; lastKnownFileType = sourcecode.swift; path = GameListCarouCell.swift; sourceTree = "<group>"; };
		EA25A9B328E16DA4003E7846 /* ScrollViewContainer.swift */ = {isa = PBXFileReference; lastKnownFileType = sourcecode.swift; path = ScrollViewContainer.swift; sourceTree = "<group>"; };
		EA25A9B528E16DE1003E7846 /* DetailGameView.swift */ = {isa = PBXFileReference; lastKnownFileType = sourcecode.swift; path = DetailGameView.swift; sourceTree = "<group>"; };
		EA25A9BE28E1A543003E7846 /* DetailGameButtonMode.swift */ = {isa = PBXFileReference; lastKnownFileType = sourcecode.swift; path = DetailGameButtonMode.swift; sourceTree = "<group>"; };
		EA4CE2EE28E014A000DD198E /* FavoriteListViewController.swift */ = {isa = PBXFileReference; lastKnownFileType = sourcecode.swift; path = FavoriteListViewController.swift; sourceTree = "<group>"; };
		EA4CE2F128E014B000DD198E /* FavoriteListViewModel.swift */ = {isa = PBXFileReference; lastKnownFileType = sourcecode.swift; path = FavoriteListViewModel.swift; sourceTree = "<group>"; };
		EA4CE2F328E014B700DD198E /* FavoriteListDomain.swift */ = {isa = PBXFileReference; lastKnownFileType = sourcecode.swift; path = FavoriteListDomain.swift; sourceTree = "<group>"; };
		EA4CE2F628E0175C00DD198E /* FavoriteTableViewCell.swift */ = {isa = PBXFileReference; lastKnownFileType = sourcecode.swift; path = FavoriteTableViewCell.swift; sourceTree = "<group>"; };
		EA73515D28E2B2570000D4A2 /* ProfileViewHeader.swift */ = {isa = PBXFileReference; lastKnownFileType = sourcecode.swift; path = ProfileViewHeader.swift; sourceTree = "<group>"; };
		EA73516528E2C2BF0000D4A2 /* TwoLabelInHorizontalStack.swift */ = {isa = PBXFileReference; lastKnownFileType = sourcecode.swift; path = TwoLabelInHorizontalStack.swift; sourceTree = "<group>"; };
		EA73516828E2CBBD0000D4A2 /* ProfileEditViewController.swift */ = {isa = PBXFileReference; lastKnownFileType = sourcecode.swift; path = ProfileEditViewController.swift; sourceTree = "<group>"; };
		EA73517528E2EE490000D4A2 /* ProfileEditLocalData.swift */ = {isa = PBXFileReference; lastKnownFileType = sourcecode.swift; path = ProfileEditLocalData.swift; sourceTree = "<group>"; };
		EA73517728E2F0130000D4A2 /* ProfileEditDomain.swift */ = {isa = PBXFileReference; lastKnownFileType = sourcecode.swift; path = ProfileEditDomain.swift; sourceTree = "<group>"; };
		EA73517928E2F0550000D4A2 /* ProfileEditRepository.swift */ = {isa = PBXFileReference; lastKnownFileType = sourcecode.swift; path = ProfileEditRepository.swift; sourceTree = "<group>"; };
		EA73517C28E2F20E0000D4A2 /* ScreenSize.swift */ = {isa = PBXFileReference; lastKnownFileType = sourcecode.swift; path = ScreenSize.swift; sourceTree = "<group>"; };
		EA73517E28E2F21D0000D4A2 /* Padding.swift */ = {isa = PBXFileReference; lastKnownFileType = sourcecode.swift; path = Padding.swift; sourceTree = "<group>"; };
		EA73518128E2F3530000D4A2 /* ProfileEditViewModel.swift */ = {isa = PBXFileReference; lastKnownFileType = sourcecode.swift; path = ProfileEditViewModel.swift; sourceTree = "<group>"; };
		EA73518328E2F4D70000D4A2 /* ProfileEditForkey.swift */ = {isa = PBXFileReference; lastKnownFileType = sourcecode.swift; path = ProfileEditForkey.swift; sourceTree = "<group>"; };
		EA73518628E2F6080000D4A2 /* ProfileViewDomain.swift */ = {isa = PBXFileReference; lastKnownFileType = sourcecode.swift; path = ProfileViewDomain.swift; sourceTree = "<group>"; };
		EA73518928E2F6520000D4A2 /* ProfileViewViewModel.swift */ = {isa = PBXFileReference; lastKnownFileType = sourcecode.swift; path = ProfileViewViewModel.swift; sourceTree = "<group>"; };
		EA73518B28E3188B0000D4A2 /* ProfileEditDelegate.swift */ = {isa = PBXFileReference; lastKnownFileType = sourcecode.swift; path = ProfileEditDelegate.swift; sourceTree = "<group>"; };
		EA73518D28E318A20000D4A2 /* ProfileEditState.swift */ = {isa = PBXFileReference; lastKnownFileType = sourcecode.swift; path = ProfileEditState.swift; sourceTree = "<group>"; };
		EA73518F28E598890000D4A2 /* ProfileViewForKey.swift */ = {isa = PBXFileReference; lastKnownFileType = sourcecode.swift; path = ProfileViewForKey.swift; sourceTree = "<group>"; };
		EA82DF7A28EE72F800A1FEFC /* UICollectionView.swift */ = {isa = PBXFileReference; lastKnownFileType = sourcecode.swift; path = UICollectionView.swift; sourceTree = "<group>"; };
		EA82DF7C28EE730E00A1FEFC /* NSLayoutConstraint.swift */ = {isa = PBXFileReference; lastKnownFileType = sourcecode.swift; path = NSLayoutConstraint.swift; sourceTree = "<group>"; };
		EA82DF7E28EE73A300A1FEFC /* SafeAreaInset.swift */ = {isa = PBXFileReference; lastKnownFileType = sourcecode.swift; path = SafeAreaInset.swift; sourceTree = "<group>"; };
		EA82DF8028EE766E00A1FEFC /* SWInflateLayout.swift */ = {isa = PBXFileReference; lastKnownFileType = sourcecode.swift; path = SWInflateLayout.swift; sourceTree = "<group>"; };
		EA82DF8428EE772E00A1FEFC /* FavoriteModel.swift */ = {isa = PBXFileReference; lastKnownFileType = sourcecode.swift; path = FavoriteModel.swift; sourceTree = "<group>"; };
		EA82DF8628EE7FFD00A1FEFC /* GameTrailer.swift */ = {isa = PBXFileReference; lastKnownFileType = sourcecode.swift; path = GameTrailer.swift; sourceTree = "<group>"; };
		EA82DF8828EE891F00A1FEFC /* PlayerView.swift */ = {isa = PBXFileReference; lastKnownFileType = sourcecode.swift; path = PlayerView.swift; sourceTree = "<group>"; };
		EA82DF8A28EEDEAB00A1FEFC /* VideoEnum.swift */ = {isa = PBXFileReference; lastKnownFileType = sourcecode.swift; path = VideoEnum.swift; sourceTree = "<group>"; };
		EA82DFB528EEF38B00A1FEFC /* UINavigationController.swift */ = {isa = PBXFileReference; lastKnownFileType = sourcecode.swift; path = UINavigationController.swift; sourceTree = "<group>"; };
		EAA3B1A128F7D12F00625535 /* Router.swift */ = {isa = PBXFileReference; lastKnownFileType = sourcecode.swift; path = Router.swift; sourceTree = "<group>"; };
		EAA3B1A428F7D16100625535 /* AnimatedTransitioning.swift */ = {isa = PBXFileReference; lastKnownFileType = sourcecode.swift; path = AnimatedTransitioning.swift; sourceTree = "<group>"; };
		EAA3B1A628F7D17900625535 /* FadeAnimatedTransitioning.swift */ = {isa = PBXFileReference; lastKnownFileType = sourcecode.swift; path = FadeAnimatedTransitioning.swift; sourceTree = "<group>"; };
		EAA3B1AB28F7D1BC00625535 /* AnimatedTransition.swift */ = {isa = PBXFileReference; lastKnownFileType = sourcecode.swift; path = AnimatedTransition.swift; sourceTree = "<group>"; };
		EAA3B1AD28F7D1D200625535 /* EmptyTransition.swift */ = {isa = PBXFileReference; lastKnownFileType = sourcecode.swift; path = EmptyTransition.swift; sourceTree = "<group>"; };
		EAA3B1AF28F7D1DC00625535 /* ModalTransition.swift */ = {isa = PBXFileReference; lastKnownFileType = sourcecode.swift; path = ModalTransition.swift; sourceTree = "<group>"; };
		EAA3B1B128F7D1E800625535 /* PushTransition.swift */ = {isa = PBXFileReference; lastKnownFileType = sourcecode.swift; path = PushTransition.swift; sourceTree = "<group>"; };
		EAA3B1B328F7D1F200625535 /* Transition.swift */ = {isa = PBXFileReference; lastKnownFileType = sourcecode.swift; path = Transition.swift; sourceTree = "<group>"; };
		EAA3B1B628F7D25900625535 /* UITabBarController.swift */ = {isa = PBXFileReference; lastKnownFileType = sourcecode.swift; path = UITabBarController.swift; sourceTree = "<group>"; };
		EAA3B1B828F7DAC900625535 /* DefaultRouter.swift */ = {isa = PBXFileReference; lastKnownFileType = sourcecode.swift; path = DefaultRouter.swift; sourceTree = "<group>"; };
		EAA3B1BA28F7DCBE00625535 /* HomeTabRoute.swift */ = {isa = PBXFileReference; lastKnownFileType = sourcecode.swift; path = HomeTabRoute.swift; sourceTree = "<group>"; };
		EAA3B1BC28F7E0EC00625535 /* FavoriteTabRoute.swift */ = {isa = PBXFileReference; lastKnownFileType = sourcecode.swift; path = FavoriteTabRoute.swift; sourceTree = "<group>"; };
		EAA3B1BE28F7E26E00625535 /* ProfileTabRoute.swift */ = {isa = PBXFileReference; lastKnownFileType = sourcecode.swift; path = ProfileTabRoute.swift; sourceTree = "<group>"; };
		EAA3B1CB28F7F34A00625535 /* EditProfileRoute.swift */ = {isa = PBXFileReference; lastKnownFileType = sourcecode.swift; path = EditProfileRoute.swift; sourceTree = "<group>"; };
		EAA3B1D028F7FB0600625535 /* DetailGameRoute.swift */ = {isa = PBXFileReference; lastKnownFileType = sourcecode.swift; path = DetailGameRoute.swift; sourceTree = "<group>"; };
		EAC6560328DD5C2200177037 /* UIImageView.swift */ = {isa = PBXFileReference; lastKnownFileType = sourcecode.swift; path = UIImageView.swift; sourceTree = "<group>"; };
		EAC6560528DD648A00177037 /* UIView.swift */ = {isa = PBXFileReference; lastKnownFileType = sourcecode.swift; path = UIView.swift; sourceTree = "<group>"; };
		EAC6560928DD668800177037 /* UICollectionViewDelegateFlowLayout.swift */ = {isa = PBXFileReference; lastKnownFileType = sourcecode.swift; path = UICollectionViewDelegateFlowLayout.swift; sourceTree = "<group>"; };
		EAC6560B28DD68F200177037 /* BaseViewState.swift */ = {isa = PBXFileReference; lastKnownFileType = sourcecode.swift; path = BaseViewState.swift; sourceTree = "<group>"; };
		EAC6560D28DD6BF700177037 /* UIViewController.swift */ = {isa = PBXFileReference; lastKnownFileType = sourcecode.swift; path = UIViewController.swift; sourceTree = "<group>"; };
		EAC6563728DD71C700177037 /* GameDetailResponse.swift */ = {isa = PBXFileReference; lastKnownFileType = sourcecode.swift; path = GameDetailResponse.swift; sourceTree = "<group>"; };
		EAC6563928DD72ED00177037 /* GameListHomeView.swift */ = {isa = PBXFileReference; lastKnownFileType = sourcecode.swift; path = GameListHomeView.swift; sourceTree = "<group>"; };
		EAC6563F28DD7E7E00177037 /* DetailGameUseCase.swift */ = {isa = PBXFileReference; lastKnownFileType = sourcecode.swift; path = DetailGameUseCase.swift; sourceTree = "<group>"; };
		EAC6564128DD7F5500177037 /* DetailGameViewModel.swift */ = {isa = PBXFileReference; lastKnownFileType = sourcecode.swift; path = DetailGameViewModel.swift; sourceTree = "<group>"; };
		EAC6564328DD828300177037 /* DetailGameViewController.swift */ = {isa = PBXFileReference; lastKnownFileType = sourcecode.swift; path = DetailGameViewController.swift; sourceTree = "<group>"; };
		EAC6564928DD988800177037 /* ProfileViewController.swift */ = {isa = PBXFileReference; lastKnownFileType = sourcecode.swift; path = ProfileViewController.swift; sourceTree = "<group>"; };
		EAC6564D28DDBCEE00177037 /* RAWG.xcdatamodel */ = {isa = PBXFileReference; lastKnownFileType = wrapper.xcdatamodel; path = RAWG.xcdatamodel; sourceTree = "<group>"; };
		EAC6564F28DDBFB600177037 /* BaseLocalData.swift */ = {isa = PBXFileReference; lastKnownFileType = sourcecode.swift; path = BaseLocalData.swift; sourceTree = "<group>"; };
/* End PBXFileReference section */

/* Begin PBXFrameworksBuildPhase section */
		6AB8FA6928D069EC005DBB85 /* Frameworks */ = {
			isa = PBXFrameworksBuildPhase;
			buildActionMask = 2147483647;
			files = (
				05313BE2FEDECA67907FD743 /* Pods_RAWG.framework in Frameworks */,
			);
			runOnlyForDeploymentPostprocessing = 0;
		};
/* End PBXFrameworksBuildPhase section */

/* Begin PBXGroup section */
		279B26E847F12E4A64E24510 /* Frameworks */ = {
			isa = PBXGroup;
			children = (
				9AF4FFA3C707C493E05C79FA /* Pods_RAWG.framework */,
			);
			name = Frameworks;
			sourceTree = "<group>";
		};
		6AB8FA6328D069EC005DBB85 = {
			isa = PBXGroup;
			children = (
				6AB8FA6E28D069EC005DBB85 /* RAWG */,
				6AB8FA6D28D069EC005DBB85 /* Products */,
				893D3E6518748E14D80CA523 /* Pods */,
				279B26E847F12E4A64E24510 /* Frameworks */,
			);
			sourceTree = "<group>";
		};
		6AB8FA6D28D069EC005DBB85 /* Products */ = {
			isa = PBXGroup;
			children = (
				6AB8FA6C28D069EC005DBB85 /* RAWG.app */,
			);
			name = Products;
			sourceTree = "<group>";
		};
		6AB8FA6E28D069EC005DBB85 /* RAWG */ = {
			isa = PBXGroup;
			children = (
				EAA3B1B528F7D24700625535 /* TabBar */,
				EAA3B1A028F7D12900625535 /* Router */,
				EA73518028E2F2240000D4A2 /* Constant */,
				EA73517B28E2F1F50000D4A2 /* Persistance */,
				EA25A9BA28E1A005003E7846 /* Feature */,
				EAC6560228DD5C1A00177037 /* Extension */,
				6AB8FAA128D07B65005DBB85 /* ReuseView */,
				6AB8FAA028D07B5B005DBB85 /* Delegate */,
				6AB8FA7A28D069ED005DBB85 /* LaunchScreen.storyboard */,
				6AB8FA7D28D069ED005DBB85 /* Info.plist */,
			);
			path = RAWG;
			sourceTree = "<group>";
		};
		6AB8FA9B28D07B1D005DBB85 /* Base */ = {
			isa = PBXGroup;
			children = (
				6AB8FA9E28D07B32005DBB85 /* Data */,
				6AB8FA9D28D07B2A005DBB85 /* Domain */,
				6AB8FA9C28D07B21005DBB85 /* Presentation */,
			);
			path = Base;
			sourceTree = "<group>";
		};
		6AB8FA9C28D07B21005DBB85 /* Presentation */ = {
			isa = PBXGroup;
			children = (
				6AB8FA9328D07AF5005DBB85 /* BaseViewModel.swift */,
				6AB8FA8328D06ADC005DBB85 /* BaseViewController.swift */,
			);
			path = Presentation;
			sourceTree = "<group>";
		};
		6AB8FA9D28D07B2A005DBB85 /* Domain */ = {
			isa = PBXGroup;
			children = (
				6AB8FA9528D07AFC005DBB85 /* BaseDomain.swift */,
			);
			path = Domain;
			sourceTree = "<group>";
		};
		6AB8FA9E28D07B32005DBB85 /* Data */ = {
			isa = PBXGroup;
			children = (
				6AB8FA9928D07B09005DBB85 /* BaseRemoteData.swift */,
				6AB8FA9728D07B01005DBB85 /* BaseRepository.swift */,
				EAC6564F28DDBFB600177037 /* BaseLocalData.swift */,
				6AB8FA9F28D07B41005DBB85 /* Model */,
			);
			path = Data;
			sourceTree = "<group>";
		};
		6AB8FA9F28D07B41005DBB85 /* Model */ = {
			isa = PBXGroup;
			children = (
				EAC6560B28DD68F200177037 /* BaseViewState.swift */,
				6ACA136B28D1B22C00D71744 /* GameResponse.swift */,
				EA82DF8628EE7FFD00A1FEFC /* GameTrailer.swift */,
				EA82DF8A28EEDEAB00A1FEFC /* VideoEnum.swift */,
			);
			path = Model;
			sourceTree = "<group>";
		};
		6AB8FAA028D07B5B005DBB85 /* Delegate */ = {
			isa = PBXGroup;
			children = (
				6AB8FA6F28D069EC005DBB85 /* AppDelegate.swift */,
				6AB8FA7128D069EC005DBB85 /* SceneDelegate.swift */,
			);
			path = Delegate;
			sourceTree = "<group>";
		};
		6AB8FAA128D07B65005DBB85 /* ReuseView */ = {
			isa = PBXGroup;
			children = (
				6AB8FAA228D07B6A005DBB85 /* CollectionCell */,
				EA25A9B328E16DA4003E7846 /* ScrollViewContainer.swift */,
				EA0FF1D728E82E8C004FF80B /* DefaultCollectionView.swift */,
				EA73516528E2C2BF0000D4A2 /* TwoLabelInHorizontalStack.swift */,
				6ACA136928D1AD4100D71744 /* EmptyView.swift */,
				EA82DF8028EE766E00A1FEFC /* SWInflateLayout.swift */,
				EA82DF8828EE891F00A1FEFC /* PlayerView.swift */,
			);
			path = ReuseView;
			sourceTree = "<group>";
		};
		6AB8FAA228D07B6A005DBB85 /* CollectionCell */ = {
			isa = PBXGroup;
			children = (
				6AB8FA9128D07ACF005DBB85 /* GameListHomeCollectionViewCell.swift */,
				EAC6563928DD72ED00177037 /* GameListHomeView.swift */,
				EA0FF1DB28E89708004FF80B /* GameListCarouCell.swift */,
			);
			path = CollectionCell;
			sourceTree = "<group>";
		};
		893D3E6518748E14D80CA523 /* Pods */ = {
			isa = PBXGroup;
			children = (
				8479C77E498F12FCCE1592FD /* Pods-RAWG.debug.xcconfig */,
				3D8723BF5CACB7EF2FF3E9F8 /* Pods-RAWG.release.xcconfig */,
			);
			path = Pods;
			sourceTree = "<group>";
		};
		EA25A9B728E16EF1003E7846 /* View */ = {
			isa = PBXGroup;
			children = (
				EA25A9B528E16DE1003E7846 /* DetailGameView.swift */,
			);
			path = View;
			sourceTree = "<group>";
		};
		EA25A9BA28E1A005003E7846 /* Feature */ = {
			isa = PBXGroup;
			children = (
				EA73516728E2CBB30000D4A2 /* EditProfile */,
				EA25A9BC28E1A025003E7846 /* Profile */,
				EAC6563628DD71BE00177037 /* Detail */,
				EA4CE2ED28E0149500DD198E /* FavoriteList */,
				6AB8FA9B28D07B1D005DBB85 /* Base */,
			);
			path = Feature;
			sourceTree = "<group>";
		};
		EA25A9BC28E1A025003E7846 /* Profile */ = {
			isa = PBXGroup;
			children = (
				EA73518828E2F60D0000D4A2 /* Domain */,
				EA73515F28E2B5070000D4A2 /* Data */,
				EA25A9BD28E1A4FC003E7846 /* Presentation */,
				EAC6564928DD988800177037 /* ProfileViewController.swift */,
			);
			path = Profile;
			sourceTree = "<group>";
		};
		EA25A9BD28E1A4FC003E7846 /* Presentation */ = {
			isa = PBXGroup;
			children = (
				EA73515C28E2B24F0000D4A2 /* View */,
				EA73518928E2F6520000D4A2 /* ProfileViewViewModel.swift */,
			);
			path = Presentation;
			sourceTree = "<group>";
		};
		EA4CE2ED28E0149500DD198E /* FavoriteList */ = {
			isa = PBXGroup;
			children = (
				EA82DF8228EE772100A1FEFC /* Data */,
				EA4CE2F528E014BB00DD198E /* Domain */,
				EA4CE2F028E014A300DD198E /* Presentation */,
			);
			path = FavoriteList;
			sourceTree = "<group>";
		};
		EA4CE2F028E014A300DD198E /* Presentation */ = {
			isa = PBXGroup;
			children = (
				EA4CE2FA28E02BE400DD198E /* View */,
				EA4CE2EE28E014A000DD198E /* FavoriteListViewController.swift */,
				EA4CE2F128E014B000DD198E /* FavoriteListViewModel.swift */,
			);
			path = Presentation;
			sourceTree = "<group>";
		};
		EA4CE2F528E014BB00DD198E /* Domain */ = {
			isa = PBXGroup;
			children = (
				EA4CE2F328E014B700DD198E /* FavoriteListDomain.swift */,
			);
			path = Domain;
			sourceTree = "<group>";
		};
		EA4CE2FA28E02BE400DD198E /* View */ = {
			isa = PBXGroup;
			children = (
				EA4CE2F628E0175C00DD198E /* FavoriteTableViewCell.swift */,
			);
			path = View;
			sourceTree = "<group>";
		};
		EA73515C28E2B24F0000D4A2 /* View */ = {
			isa = PBXGroup;
			children = (
				EA73515D28E2B2570000D4A2 /* ProfileViewHeader.swift */,
			);
			path = View;
			sourceTree = "<group>";
		};
		EA73515F28E2B5070000D4A2 /* Data */ = {
			isa = PBXGroup;
			children = (
				EA73518F28E598890000D4A2 /* ProfileViewForKey.swift */,
			);
			path = Data;
			sourceTree = "<group>";
		};
		EA73516728E2CBB30000D4A2 /* EditProfile */ = {
			isa = PBXGroup;
			children = (
				EAA3B1CA28F7F34000625535 /* Route */,
				EA73517028E2EE1C0000D4A2 /* Domain */,
				EA73516F28E2EE160000D4A2 /* Presentation */,
				EA73516E28E2EE0B0000D4A2 /* Data */,
			);
			path = EditProfile;
			sourceTree = "<group>";
		};
		EA73516E28E2EE0B0000D4A2 /* Data */ = {
			isa = PBXGroup;
			children = (
				EA73518528E2F4F70000D4A2 /* Model */,
				EA73517528E2EE490000D4A2 /* ProfileEditLocalData.swift */,
				EA73517928E2F0550000D4A2 /* ProfileEditRepository.swift */,
			);
			path = Data;
			sourceTree = "<group>";
		};
		EA73516F28E2EE160000D4A2 /* Presentation */ = {
			isa = PBXGroup;
			children = (
				EA73516828E2CBBD0000D4A2 /* ProfileEditViewController.swift */,
				EA73518128E2F3530000D4A2 /* ProfileEditViewModel.swift */,
			);
			path = Presentation;
			sourceTree = "<group>";
		};
		EA73517028E2EE1C0000D4A2 /* Domain */ = {
			isa = PBXGroup;
			children = (
				EA73517728E2F0130000D4A2 /* ProfileEditDomain.swift */,
			);
			path = Domain;
			sourceTree = "<group>";
		};
		EA73517B28E2F1F50000D4A2 /* Persistance */ = {
			isa = PBXGroup;
			children = (
				EAC6564C28DDBCEE00177037 /* RAWG.xcdatamodeld */,
			);
			path = Persistance;
			sourceTree = "<group>";
		};
		EA73518028E2F2240000D4A2 /* Constant */ = {
			isa = PBXGroup;
			children = (
				6AB8FAA328D085EF005DBB85 /* Observable.swift */,
				6AB8FAA528D17714005DBB85 /* Endpoint.swift */,
				EA73517E28E2F21D0000D4A2 /* Padding.swift */,
				EA73517C28E2F20E0000D4A2 /* ScreenSize.swift */,
				EA82DF7E28EE73A300A1FEFC /* SafeAreaInset.swift */,
			);
			path = Constant;
			sourceTree = "<group>";
		};
		EA73518528E2F4F70000D4A2 /* Model */ = {
			isa = PBXGroup;
			children = (
				EA73518328E2F4D70000D4A2 /* ProfileEditForkey.swift */,
				EA73518B28E3188B0000D4A2 /* ProfileEditDelegate.swift */,
				EA73518D28E318A20000D4A2 /* ProfileEditState.swift */,
			);
			path = Model;
			sourceTree = "<group>";
		};
		EA73518828E2F60D0000D4A2 /* Domain */ = {
			isa = PBXGroup;
			children = (
				EA73518628E2F6080000D4A2 /* ProfileViewDomain.swift */,
			);
			path = Domain;
			sourceTree = "<group>";
		};
		EA82DF8228EE772100A1FEFC /* Data */ = {
			isa = PBXGroup;
			children = (
				EA82DF8328EE772700A1FEFC /* Model */,
			);
			path = Data;
			sourceTree = "<group>";
		};
		EA82DF8328EE772700A1FEFC /* Model */ = {
			isa = PBXGroup;
			children = (
				EA82DF8428EE772E00A1FEFC /* FavoriteModel.swift */,
			);
			path = Model;
			sourceTree = "<group>";
		};
		EAA3B1A028F7D12900625535 /* Router */ = {
			isa = PBXGroup;
			children = (
				EAA3B1AA28F7D1AE00625535 /* Transitions */,
				EAA3B1A328F7D15C00625535 /* Animator */,
				EAA3B1A128F7D12F00625535 /* Router.swift */,
				EAA3B1B828F7DAC900625535 /* DefaultRouter.swift */,
			);
			path = Router;
			sourceTree = "<group>";
		};
		EAA3B1A328F7D15C00625535 /* Animator */ = {
			isa = PBXGroup;
			children = (
				EAA3B1A428F7D16100625535 /* AnimatedTransitioning.swift */,
				EAA3B1A628F7D17900625535 /* FadeAnimatedTransitioning.swift */,
			);
			path = Animator;
			sourceTree = "<group>";
		};
		EAA3B1AA28F7D1AE00625535 /* Transitions */ = {
			isa = PBXGroup;
			children = (
				EAA3B1AB28F7D1BC00625535 /* AnimatedTransition.swift */,
				EAA3B1AD28F7D1D200625535 /* EmptyTransition.swift */,
				EAA3B1AF28F7D1DC00625535 /* ModalTransition.swift */,
				EAA3B1B128F7D1E800625535 /* PushTransition.swift */,
				EAA3B1B328F7D1F200625535 /* Transition.swift */,
			);
			path = Transitions;
			sourceTree = "<group>";
		};
		EAA3B1B528F7D24700625535 /* TabBar */ = {
			isa = PBXGroup;
			children = (
				EAA3B1B628F7D25900625535 /* UITabBarController.swift */,
				EAA3B1BA28F7DCBE00625535 /* HomeTabRoute.swift */,
				EAA3B1BC28F7E0EC00625535 /* FavoriteTabRoute.swift */,
				EAA3B1BE28F7E26E00625535 /* ProfileTabRoute.swift */,
			);
			path = TabBar;
			sourceTree = "<group>";
		};
		EAA3B1CA28F7F34000625535 /* Route */ = {
			isa = PBXGroup;
			children = (
				EAA3B1CB28F7F34A00625535 /* EditProfileRoute.swift */,
			);
			path = Route;
			sourceTree = "<group>";
		};
		EAA3B1CD28F7FAEF00625535 /* Route */ = {
			isa = PBXGroup;
			children = (
				EAA3B1D028F7FB0600625535 /* DetailGameRoute.swift */,
			);
			path = Route;
			sourceTree = "<group>";
		};
		EAC6560228DD5C1A00177037 /* Extension */ = {
			isa = PBXGroup;
			children = (
				EAC6560328DD5C2200177037 /* UIImageView.swift */,
				EAC6560528DD648A00177037 /* UIView.swift */,
				EAC6560928DD668800177037 /* UICollectionViewDelegateFlowLayout.swift */,
				EAC6560D28DD6BF700177037 /* UIViewController.swift */,
				EA82DF7A28EE72F800A1FEFC /* UICollectionView.swift */,
				EA82DF7C28EE730E00A1FEFC /* NSLayoutConstraint.swift */,
				EA82DFB528EEF38B00A1FEFC /* UINavigationController.swift */,
			);
			path = Extension;
			sourceTree = "<group>";
		};
		EAC6563628DD71BE00177037 /* Detail */ = {
			isa = PBXGroup;
			children = (
				EAA3B1CD28F7FAEF00625535 /* Route */,
				EAC6563E28DD73D800177037 /* Presentation */,
				EAC6563D28DD73D400177037 /* Domain */,
				EAC6563C28DD73CD00177037 /* Data */,
			);
			path = Detail;
			sourceTree = "<group>";
		};
		EAC6563B28DD73C700177037 /* Model */ = {
			isa = PBXGroup;
			children = (
				EAC6563728DD71C700177037 /* GameDetailResponse.swift */,
				EA25A9BE28E1A543003E7846 /* DetailGameButtonMode.swift */,
			);
			path = Model;
			sourceTree = "<group>";
		};
		EAC6563C28DD73CD00177037 /* Data */ = {
			isa = PBXGroup;
			children = (
				EAC6563B28DD73C700177037 /* Model */,
			);
			path = Data;
			sourceTree = "<group>";
		};
		EAC6563D28DD73D400177037 /* Domain */ = {
			isa = PBXGroup;
			children = (
				EAC6563F28DD7E7E00177037 /* DetailGameUseCase.swift */,
			);
			path = Domain;
			sourceTree = "<group>";
		};
		EAC6563E28DD73D800177037 /* Presentation */ = {
			isa = PBXGroup;
			children = (
				EA25A9B728E16EF1003E7846 /* View */,
				EAC6564128DD7F5500177037 /* DetailGameViewModel.swift */,
				EAC6564328DD828300177037 /* DetailGameViewController.swift */,
			);
			path = Presentation;
			sourceTree = "<group>";
		};
/* End PBXGroup section */

/* Begin PBXNativeTarget section */
		6AB8FA6B28D069EC005DBB85 /* RAWG */ = {
			isa = PBXNativeTarget;
			buildConfigurationList = 6AB8FA8028D069ED005DBB85 /* Build configuration list for PBXNativeTarget "RAWG" */;
			buildPhases = (
				CE1C850CCED900F680568AB0 /* [CP] Check Pods Manifest.lock */,
				6AB8FA6828D069EC005DBB85 /* Sources */,
				6AB8FA6928D069EC005DBB85 /* Frameworks */,
				6AB8FA6A28D069EC005DBB85 /* Resources */,
				047A9D3F5C9093AD50E517D4 /* [CP] Embed Pods Frameworks */,
				EAC6564B28DDB22D00177037 /* ShellScript */,
			);
			buildRules = (
			);
			dependencies = (
			);
			name = RAWG;
			productName = RAWG;
			productReference = 6AB8FA6C28D069EC005DBB85 /* RAWG.app */;
			productType = "com.apple.product-type.application";
		};
/* End PBXNativeTarget section */

/* Begin PBXProject section */
		6AB8FA6428D069EC005DBB85 /* Project object */ = {
			isa = PBXProject;
			attributes = {
				BuildIndependentTargetsInParallel = 1;
				LastSwiftUpdateCheck = 1340;
				LastUpgradeCheck = 1340;
				TargetAttributes = {
					6AB8FA6B28D069EC005DBB85 = {
						CreatedOnToolsVersion = 13.4.1;
					};
				};
			};
			buildConfigurationList = 6AB8FA6728D069EC005DBB85 /* Build configuration list for PBXProject "RAWG" */;
			compatibilityVersion = "Xcode 13.0";
			developmentRegion = en;
			hasScannedForEncodings = 0;
			knownRegions = (
				en,
				Base,
			);
			mainGroup = 6AB8FA6328D069EC005DBB85;
			productRefGroup = 6AB8FA6D28D069EC005DBB85 /* Products */;
			projectDirPath = "";
			projectRoot = "";
			targets = (
				6AB8FA6B28D069EC005DBB85 /* RAWG */,
			);
		};
/* End PBXProject section */

/* Begin PBXResourcesBuildPhase section */
		6AB8FA6A28D069EC005DBB85 /* Resources */ = {
			isa = PBXResourcesBuildPhase;
			buildActionMask = 2147483647;
			files = (
				6AB8FA7C28D069ED005DBB85 /* LaunchScreen.storyboard in Resources */,
			);
			runOnlyForDeploymentPostprocessing = 0;
		};
/* End PBXResourcesBuildPhase section */

/* Begin PBXShellScriptBuildPhase section */
		047A9D3F5C9093AD50E517D4 /* [CP] Embed Pods Frameworks */ = {
			isa = PBXShellScriptBuildPhase;
			buildActionMask = 2147483647;
			files = (
			);
			inputFileListPaths = (
				"${PODS_ROOT}/Target Support Files/Pods-RAWG/Pods-RAWG-frameworks-${CONFIGURATION}-input-files.xcfilelist",
			);
			name = "[CP] Embed Pods Frameworks";
			outputFileListPaths = (
				"${PODS_ROOT}/Target Support Files/Pods-RAWG/Pods-RAWG-frameworks-${CONFIGURATION}-output-files.xcfilelist",
			);
			runOnlyForDeploymentPostprocessing = 0;
			shellPath = /bin/sh;
			shellScript = "\"${PODS_ROOT}/Target Support Files/Pods-RAWG/Pods-RAWG-frameworks.sh\"\n";
			showEnvVarsInLog = 0;
		};
		CE1C850CCED900F680568AB0 /* [CP] Check Pods Manifest.lock */ = {
			isa = PBXShellScriptBuildPhase;
			buildActionMask = 2147483647;
			files = (
			);
			inputFileListPaths = (
			);
			inputPaths = (
				"${PODS_PODFILE_DIR_PATH}/Podfile.lock",
				"${PODS_ROOT}/Manifest.lock",
			);
			name = "[CP] Check Pods Manifest.lock";
			outputFileListPaths = (
			);
			outputPaths = (
				"$(DERIVED_FILE_DIR)/Pods-RAWG-checkManifestLockResult.txt",
			);
			runOnlyForDeploymentPostprocessing = 0;
			shellPath = /bin/sh;
			shellScript = "diff \"${PODS_PODFILE_DIR_PATH}/Podfile.lock\" \"${PODS_ROOT}/Manifest.lock\" > /dev/null\nif [ $? != 0 ] ; then\n    # print error to STDERR\n    echo \"error: The sandbox is not in sync with the Podfile.lock. Run 'pod install' or update your CocoaPods installation.\" >&2\n    exit 1\nfi\n# This output is used by Xcode 'outputs' to avoid re-running this script phase.\necho \"SUCCESS\" > \"${SCRIPT_OUTPUT_FILE_0}\"\n";
			showEnvVarsInLog = 0;
		};
		EAC6564B28DDB22D00177037 /* ShellScript */ = {
			isa = PBXShellScriptBuildPhase;
			buildActionMask = 2147483647;
			files = (
			);
			inputFileListPaths = (
			);
			inputPaths = (
			);
			outputFileListPaths = (
			);
			outputPaths = (
			);
			runOnlyForDeploymentPostprocessing = 0;
			shellPath = /bin/sh;
			shellScript = "# Type a script or drag a script file from your workspace to insert its path.\nif which swiftlint > /dev/null; then\n  swiftlint\nelse\n  echo \"warning: SwiftLint not installed, download from https://github.com/realm/SwiftLint\"\nfi\n";
		};
/* End PBXShellScriptBuildPhase section */

/* Begin PBXSourcesBuildPhase section */
		6AB8FA6828D069EC005DBB85 /* Sources */ = {
			isa = PBXSourcesBuildPhase;
			buildActionMask = 2147483647;
			files = (
				EAA3B1D128F7FB0600625535 /* DetailGameRoute.swift in Sources */,
				EAA3B1BB28F7DCBE00625535 /* HomeTabRoute.swift in Sources */,
				EA73518428E2F4D70000D4A2 /* ProfileEditForkey.swift in Sources */,
				EAA3B1AC28F7D1BC00625535 /* AnimatedTransition.swift in Sources */,
				EA4CE2EF28E014A000DD198E /* FavoriteListViewController.swift in Sources */,
				EA25A9B428E16DA4003E7846 /* ScrollViewContainer.swift in Sources */,
				EAC6560628DD648A00177037 /* UIView.swift in Sources */,
				EA73519028E598890000D4A2 /* ProfileViewForKey.swift in Sources */,
				EA73518728E2F6080000D4A2 /* ProfileViewDomain.swift in Sources */,
				EAA3B1B728F7D25900625535 /* UITabBarController.swift in Sources */,
				EAA3B1BF28F7E26E00625535 /* ProfileTabRoute.swift in Sources */,
				EA25A9B628E16DE1003E7846 /* DetailGameView.swift in Sources */,
				EAA3B1A528F7D16100625535 /* AnimatedTransitioning.swift in Sources */,
				EA73517828E2F0130000D4A2 /* ProfileEditDomain.swift in Sources */,
				EA73517D28E2F20E0000D4A2 /* ScreenSize.swift in Sources */,
				EAC6565028DDBFB600177037 /* BaseLocalData.swift in Sources */,
				6AB8FAA428D085EF005DBB85 /* Observable.swift in Sources */,
				EA82DF7B28EE72F800A1FEFC /* UICollectionView.swift in Sources */,
				EAC6560E28DD6BF700177037 /* UIViewController.swift in Sources */,
				EAC6560428DD5C2300177037 /* UIImageView.swift in Sources */,
				EA73517F28E2F21D0000D4A2 /* Padding.swift in Sources */,
				EA4CE2F428E014B700DD198E /* FavoriteListDomain.swift in Sources */,
				EA82DF8728EE7FFD00A1FEFC /* GameTrailer.swift in Sources */,
				6ACA136A28D1AD4100D71744 /* EmptyView.swift in Sources */,
				EA73518E28E318A20000D4A2 /* ProfileEditState.swift in Sources */,
				EAA3B1CC28F7F34A00625535 /* EditProfileRoute.swift in Sources */,
				EAA3B1B228F7D1E800625535 /* PushTransition.swift in Sources */,
				EAA3B1AE28F7D1D200625535 /* EmptyTransition.swift in Sources */,
				EA73515E28E2B2570000D4A2 /* ProfileViewHeader.swift in Sources */,
				EA82DFB628EEF38B00A1FEFC /* UINavigationController.swift in Sources */,
				EA73518228E2F3530000D4A2 /* ProfileEditViewModel.swift in Sources */,
				EA82DF7F28EE73A300A1FEFC /* SafeAreaInset.swift in Sources */,
				EA73517628E2EE490000D4A2 /* ProfileEditLocalData.swift in Sources */,
				EAA3B1A228F7D12F00625535 /* Router.swift in Sources */,
				EAA3B1BD28F7E0EC00625535 /* FavoriteTabRoute.swift in Sources */,
				EA0FF1D828E82E8C004FF80B /* DefaultCollectionView.swift in Sources */,
				EAC6564A28DD988800177037 /* ProfileViewController.swift in Sources */,
				EAC6564228DD7F5500177037 /* DetailGameViewModel.swift in Sources */,
				6AB8FA9628D07AFC005DBB85 /* BaseDomain.swift in Sources */,
				6ACA136C28D1B22C00D71744 /* GameResponse.swift in Sources */,
				EA4CE2F828E0175C00DD198E /* FavoriteTableViewCell.swift in Sources */,
				EAA3B1B928F7DAC900625535 /* DefaultRouter.swift in Sources */,
				EAC6563828DD71C700177037 /* GameDetailResponse.swift in Sources */,
				EAA3B1B028F7D1DC00625535 /* ModalTransition.swift in Sources */,
				EAA3B1B428F7D1F200625535 /* Transition.swift in Sources */,
				EA82DF8528EE772E00A1FEFC /* FavoriteModel.swift in Sources */,
				EA82DF8B28EEDEAB00A1FEFC /* VideoEnum.swift in Sources */,
				6AB8FA9A28D07B09005DBB85 /* BaseRemoteData.swift in Sources */,
				EA73517A28E2F0550000D4A2 /* ProfileEditRepository.swift in Sources */,
				EA73516928E2CBBD0000D4A2 /* ProfileEditViewController.swift in Sources */,
				EA82DF8128EE766E00A1FEFC /* SWInflateLayout.swift in Sources */,
				EA82DF8928EE891F00A1FEFC /* PlayerView.swift in Sources */,
				6AB8FA9828D07B01005DBB85 /* BaseRepository.swift in Sources */,
				EA0FF1DC28E89708004FF80B /* GameListCarouCell.swift in Sources */,
				EAC6560C28DD68F200177037 /* BaseViewState.swift in Sources */,
				6AB8FA8428D06ADC005DBB85 /* BaseViewController.swift in Sources */,
				EA73516628E2C2BF0000D4A2 /* TwoLabelInHorizontalStack.swift in Sources */,
				6AB8FA9428D07AF5005DBB85 /* BaseViewModel.swift in Sources */,
				EAC6560A28DD668800177037 /* UICollectionViewDelegateFlowLayout.swift in Sources */,
				EAC6564428DD828300177037 /* DetailGameViewController.swift in Sources */,
				6AB8FA7028D069EC005DBB85 /* AppDelegate.swift in Sources */,
				EA73518A28E2F6520000D4A2 /* ProfileViewViewModel.swift in Sources */,
				EA73518C28E3188B0000D4A2 /* ProfileEditDelegate.swift in Sources */,
				EA4CE2F228E014B000DD198E /* FavoriteListViewModel.swift in Sources */,
				EAC6564E28DDBCEE00177037 /* RAWG.xcdatamodeld in Sources */,
				EAA3B1A728F7D17900625535 /* FadeAnimatedTransitioning.swift in Sources */,
				6AB8FA9228D07ACF005DBB85 /* GameListHomeCollectionViewCell.swift in Sources */,
				EA25A9BF28E1A543003E7846 /* DetailGameButtonMode.swift in Sources */,
				EA82DF7D28EE730E00A1FEFC /* NSLayoutConstraint.swift in Sources */,
				EAC6564028DD7E7E00177037 /* DetailGameUseCase.swift in Sources */,
				6AB8FAA628D17714005DBB85 /* Endpoint.swift in Sources */,
				EAC6563A28DD72ED00177037 /* GameListHomeView.swift in Sources */,
				6AB8FA7228D069EC005DBB85 /* SceneDelegate.swift in Sources */,
			);
			runOnlyForDeploymentPostprocessing = 0;
		};
/* End PBXSourcesBuildPhase section */

/* Begin PBXVariantGroup section */
		6AB8FA7A28D069ED005DBB85 /* LaunchScreen.storyboard */ = {
			isa = PBXVariantGroup;
			children = (
				6AB8FA7B28D069ED005DBB85 /* Base */,
			);
			name = LaunchScreen.storyboard;
			sourceTree = "<group>";
		};
/* End PBXVariantGroup section */

/* Begin XCBuildConfiguration section */
		6AB8FA7E28D069ED005DBB85 /* Debug */ = {
			isa = XCBuildConfiguration;
			buildSettings = {
				ALWAYS_SEARCH_USER_PATHS = NO;
				CLANG_ANALYZER_NONNULL = YES;
				CLANG_ANALYZER_NUMBER_OBJECT_CONVERSION = YES_AGGRESSIVE;
				CLANG_CXX_LANGUAGE_STANDARD = "gnu++17";
				CLANG_ENABLE_MODULES = YES;
				CLANG_ENABLE_OBJC_ARC = YES;
				CLANG_ENABLE_OBJC_WEAK = YES;
				CLANG_WARN_BLOCK_CAPTURE_AUTORELEASING = YES;
				CLANG_WARN_BOOL_CONVERSION = YES;
				CLANG_WARN_COMMA = YES;
				CLANG_WARN_CONSTANT_CONVERSION = YES;
				CLANG_WARN_DEPRECATED_OBJC_IMPLEMENTATIONS = YES;
				CLANG_WARN_DIRECT_OBJC_ISA_USAGE = YES_ERROR;
				CLANG_WARN_DOCUMENTATION_COMMENTS = YES;
				CLANG_WARN_EMPTY_BODY = YES;
				CLANG_WARN_ENUM_CONVERSION = YES;
				CLANG_WARN_INFINITE_RECURSION = YES;
				CLANG_WARN_INT_CONVERSION = YES;
				CLANG_WARN_NON_LITERAL_NULL_CONVERSION = YES;
				CLANG_WARN_OBJC_IMPLICIT_RETAIN_SELF = YES;
				CLANG_WARN_OBJC_LITERAL_CONVERSION = YES;
				CLANG_WARN_OBJC_ROOT_CLASS = YES_ERROR;
				CLANG_WARN_QUOTED_INCLUDE_IN_FRAMEWORK_HEADER = YES;
				CLANG_WARN_RANGE_LOOP_ANALYSIS = YES;
				CLANG_WARN_STRICT_PROTOTYPES = YES;
				CLANG_WARN_SUSPICIOUS_MOVE = YES;
				CLANG_WARN_UNGUARDED_AVAILABILITY = YES_AGGRESSIVE;
				CLANG_WARN_UNREACHABLE_CODE = YES;
				CLANG_WARN__DUPLICATE_METHOD_MATCH = YES;
				COPY_PHASE_STRIP = NO;
				DEBUG_INFORMATION_FORMAT = dwarf;
				ENABLE_STRICT_OBJC_MSGSEND = YES;
				ENABLE_TESTABILITY = YES;
				GCC_C_LANGUAGE_STANDARD = gnu11;
				GCC_DYNAMIC_NO_PIC = NO;
				GCC_NO_COMMON_BLOCKS = YES;
				GCC_OPTIMIZATION_LEVEL = 0;
				GCC_PREPROCESSOR_DEFINITIONS = (
					"DEBUG=1",
					"$(inherited)",
				);
				GCC_WARN_64_TO_32_BIT_CONVERSION = YES;
				GCC_WARN_ABOUT_RETURN_TYPE = YES_ERROR;
				GCC_WARN_UNDECLARED_SELECTOR = YES;
				GCC_WARN_UNINITIALIZED_AUTOS = YES_AGGRESSIVE;
				GCC_WARN_UNUSED_FUNCTION = YES;
				GCC_WARN_UNUSED_VARIABLE = YES;
				IPHONEOS_DEPLOYMENT_TARGET = 13.0;
				MTL_ENABLE_DEBUG_INFO = INCLUDE_SOURCE;
				MTL_FAST_MATH = YES;
				ONLY_ACTIVE_ARCH = YES;
				SDKROOT = iphoneos;
				SWIFT_ACTIVE_COMPILATION_CONDITIONS = DEBUG;
				SWIFT_OPTIMIZATION_LEVEL = "-Onone";
			};
			name = Debug;
		};
		6AB8FA7F28D069ED005DBB85 /* Release */ = {
			isa = XCBuildConfiguration;
			buildSettings = {
				ALWAYS_SEARCH_USER_PATHS = NO;
				CLANG_ANALYZER_NONNULL = YES;
				CLANG_ANALYZER_NUMBER_OBJECT_CONVERSION = YES_AGGRESSIVE;
				CLANG_CXX_LANGUAGE_STANDARD = "gnu++17";
				CLANG_ENABLE_MODULES = YES;
				CLANG_ENABLE_OBJC_ARC = YES;
				CLANG_ENABLE_OBJC_WEAK = YES;
				CLANG_WARN_BLOCK_CAPTURE_AUTORELEASING = YES;
				CLANG_WARN_BOOL_CONVERSION = YES;
				CLANG_WARN_COMMA = YES;
				CLANG_WARN_CONSTANT_CONVERSION = YES;
				CLANG_WARN_DEPRECATED_OBJC_IMPLEMENTATIONS = YES;
				CLANG_WARN_DIRECT_OBJC_ISA_USAGE = YES_ERROR;
				CLANG_WARN_DOCUMENTATION_COMMENTS = YES;
				CLANG_WARN_EMPTY_BODY = YES;
				CLANG_WARN_ENUM_CONVERSION = YES;
				CLANG_WARN_INFINITE_RECURSION = YES;
				CLANG_WARN_INT_CONVERSION = YES;
				CLANG_WARN_NON_LITERAL_NULL_CONVERSION = YES;
				CLANG_WARN_OBJC_IMPLICIT_RETAIN_SELF = YES;
				CLANG_WARN_OBJC_LITERAL_CONVERSION = YES;
				CLANG_WARN_OBJC_ROOT_CLASS = YES_ERROR;
				CLANG_WARN_QUOTED_INCLUDE_IN_FRAMEWORK_HEADER = YES;
				CLANG_WARN_RANGE_LOOP_ANALYSIS = YES;
				CLANG_WARN_STRICT_PROTOTYPES = YES;
				CLANG_WARN_SUSPICIOUS_MOVE = YES;
				CLANG_WARN_UNGUARDED_AVAILABILITY = YES_AGGRESSIVE;
				CLANG_WARN_UNREACHABLE_CODE = YES;
				CLANG_WARN__DUPLICATE_METHOD_MATCH = YES;
				COPY_PHASE_STRIP = NO;
				DEBUG_INFORMATION_FORMAT = "dwarf-with-dsym";
				ENABLE_NS_ASSERTIONS = NO;
				ENABLE_STRICT_OBJC_MSGSEND = YES;
				GCC_C_LANGUAGE_STANDARD = gnu11;
				GCC_NO_COMMON_BLOCKS = YES;
				GCC_WARN_64_TO_32_BIT_CONVERSION = YES;
				GCC_WARN_ABOUT_RETURN_TYPE = YES_ERROR;
				GCC_WARN_UNDECLARED_SELECTOR = YES;
				GCC_WARN_UNINITIALIZED_AUTOS = YES_AGGRESSIVE;
				GCC_WARN_UNUSED_FUNCTION = YES;
				GCC_WARN_UNUSED_VARIABLE = YES;
				IPHONEOS_DEPLOYMENT_TARGET = 13.0;
				MTL_ENABLE_DEBUG_INFO = NO;
				MTL_FAST_MATH = YES;
				SDKROOT = iphoneos;
				SWIFT_COMPILATION_MODE = wholemodule;
				SWIFT_OPTIMIZATION_LEVEL = "-O";
				VALIDATE_PRODUCT = YES;
			};
			name = Release;
		};
		6AB8FA8128D069ED005DBB85 /* Debug */ = {
			isa = XCBuildConfiguration;
			baseConfigurationReference = 8479C77E498F12FCCE1592FD /* Pods-RAWG.debug.xcconfig */;
			buildSettings = {
				ASSETCATALOG_COMPILER_APPICON_NAME = AppIcon;
				ASSETCATALOG_COMPILER_GLOBAL_ACCENT_COLOR_NAME = AccentColor;
				CODE_SIGN_STYLE = Automatic;
				CURRENT_PROJECT_VERSION = 1;
				DEVELOPMENT_TEAM = YD9XNPTQUJ;
				GENERATE_INFOPLIST_FILE = YES;
				INFOPLIST_FILE = RAWG/Info.plist;
				INFOPLIST_KEY_UIApplicationSupportsIndirectInputEvents = YES;
				INFOPLIST_KEY_UILaunchStoryboardName = LaunchScreen;
				INFOPLIST_KEY_UISupportedInterfaceOrientations_iPad = "UIInterfaceOrientationPortrait UIInterfaceOrientationPortraitUpsideDown UIInterfaceOrientationLandscapeLeft UIInterfaceOrientationLandscapeRight";
				INFOPLIST_KEY_UISupportedInterfaceOrientations_iPhone = "UIInterfaceOrientationPortrait UIInterfaceOrientationLandscapeLeft UIInterfaceOrientationLandscapeRight";
				LD_RUNPATH_SEARCH_PATHS = (
					"$(inherited)",
					"@executable_path/Frameworks",
				);
				MARKETING_VERSION = 1.0;
				PRODUCT_BUNDLE_IDENTIFIER = com.personal.raw.RAWG;
				PRODUCT_NAME = "$(TARGET_NAME)";
				SWIFT_EMIT_LOC_STRINGS = YES;
				SWIFT_VERSION = 5.0;
				TARGETED_DEVICE_FAMILY = "1,2";
			};
			name = Debug;
		};
		6AB8FA8228D069ED005DBB85 /* Release */ = {
			isa = XCBuildConfiguration;
			baseConfigurationReference = 3D8723BF5CACB7EF2FF3E9F8 /* Pods-RAWG.release.xcconfig */;
			buildSettings = {
				ASSETCATALOG_COMPILER_APPICON_NAME = AppIcon;
				ASSETCATALOG_COMPILER_GLOBAL_ACCENT_COLOR_NAME = AccentColor;
				CODE_SIGN_STYLE = Automatic;
				CURRENT_PROJECT_VERSION = 1;
				DEVELOPMENT_TEAM = YD9XNPTQUJ;
				GENERATE_INFOPLIST_FILE = YES;
				INFOPLIST_FILE = RAWG/Info.plist;
				INFOPLIST_KEY_UIApplicationSupportsIndirectInputEvents = YES;
				INFOPLIST_KEY_UILaunchStoryboardName = LaunchScreen;
				INFOPLIST_KEY_UISupportedInterfaceOrientations_iPad = "UIInterfaceOrientationPortrait UIInterfaceOrientationPortraitUpsideDown UIInterfaceOrientationLandscapeLeft UIInterfaceOrientationLandscapeRight";
				INFOPLIST_KEY_UISupportedInterfaceOrientations_iPhone = "UIInterfaceOrientationPortrait UIInterfaceOrientationLandscapeLeft UIInterfaceOrientationLandscapeRight";
				LD_RUNPATH_SEARCH_PATHS = (
					"$(inherited)",
					"@executable_path/Frameworks",
				);
				MARKETING_VERSION = 1.0;
				PRODUCT_BUNDLE_IDENTIFIER = com.personal.raw.RAWG;
				PRODUCT_NAME = "$(TARGET_NAME)";
				SWIFT_EMIT_LOC_STRINGS = YES;
				SWIFT_VERSION = 5.0;
				TARGETED_DEVICE_FAMILY = "1,2";
			};
			name = Release;
		};
/* End XCBuildConfiguration section */

/* Begin XCConfigurationList section */
		6AB8FA6728D069EC005DBB85 /* Build configuration list for PBXProject "RAWG" */ = {
			isa = XCConfigurationList;
			buildConfigurations = (
				6AB8FA7E28D069ED005DBB85 /* Debug */,
				6AB8FA7F28D069ED005DBB85 /* Release */,
			);
			defaultConfigurationIsVisible = 0;
			defaultConfigurationName = Debug;
		};
		6AB8FA8028D069ED005DBB85 /* Build configuration list for PBXNativeTarget "RAWG" */ = {
			isa = XCConfigurationList;
			buildConfigurations = (
				6AB8FA8128D069ED005DBB85 /* Debug */,
				6AB8FA8228D069ED005DBB85 /* Release */,
			);
			defaultConfigurationIsVisible = 0;
			defaultConfigurationName = Debug;
		};
/* End XCConfigurationList section */

/* Begin XCVersionGroup section */
		EAC6564C28DDBCEE00177037 /* RAWG.xcdatamodeld */ = {
			isa = XCVersionGroup;
			children = (
				EAC6564D28DDBCEE00177037 /* RAWG.xcdatamodel */,
			);
			currentVersion = EAC6564D28DDBCEE00177037 /* RAWG.xcdatamodel */;
			path = RAWG.xcdatamodeld;
			sourceTree = "<group>";
			versionGroupType = wrapper.xcdatamodel;
		};
/* End XCVersionGroup section */
	};
	rootObject = 6AB8FA6428D069EC005DBB85 /* Project object */;
}
